github.com/alphacep/vosk-api/go v0.3.50 h1:2vSN41RCU1WdHEqBrhKtTggfKL6Yu5Dmj+urVszwiuw=
github.com/alphacep/vosk-api/go v0.3.50/go.mod h1:9X8IJsHnFk/b1xyvjlZifo+ZL5VTAx3LW+JQce/eRcA=
github.com/gen2brain/malgo v0.11.24 h1:hHcIJVfzWcEDHFdPl5Dl/CUSOjzOleY0zzAV8Kx+imE=
github.com/gen2brain/malgo v0.11.24/go.mod h1:f9TtuN7DVrXMiV/yIceMeWpvanyVzJQMlBecJFVMxww=
